// !$*UTF8*$!
{
	archiveVersion = 1;
	classes = {
	};
	objectVersion = 46;
	objects = {

/* Begin PBXBuildFile section */
		26B4BF763C940D67A96A30BB /* libPods-iOSBaseDevProjectUITests.a in Frameworks */ = {isa = PBXBuildFile; fileRef = E6B6DA87D92DF849C0A69E39 /* libPods-iOSBaseDevProjectUITests.a */; };
		B504E5291EF8C66D009AC7E2 /* KyleURLProtocol.m in Sources */ = {isa = PBXBuildFile; fileRef = B504E5281EF8C66D009AC7E2 /* KyleURLProtocol.m */; };
		B504E5301EF913E7009AC7E2 /* FinanceInfo.m in Sources */ = {isa = PBXBuildFile; fileRef = B504E52F1EF913E7009AC7E2 /* FinanceInfo.m */; };
		B504E5331EF91452009AC7E2 /* FinanceCellView.m in Sources */ = {isa = PBXBuildFile; fileRef = B504E5321EF91452009AC7E2 /* FinanceCellView.m */; };
		B53A22151EEAD9D50081DE7B /* WebViewController.m in Sources */ = {isa = PBXBuildFile; fileRef = B53A22141EEAD9D50081DE7B /* WebViewController.m */; };
		B5458B061EED07B6001D41F4 /* KyleCollectionView.m in Sources */ = {isa = PBXBuildFile; fileRef = B5458B051EED07B6001D41F4 /* KyleCollectionView.m */; };
		B5458B101EED4A21001D41F4 /* css in Resources */ = {isa = PBXBuildFile; fileRef = B5458B0D1EED4A21001D41F4 /* css */; };
		B5458B111EED4A21001D41F4 /* fonts in Resources */ = {isa = PBXBuildFile; fileRef = B5458B0E1EED4A21001D41F4 /* fonts */; };
		B5458B121EED4A21001D41F4 /* js in Resources */ = {isa = PBXBuildFile; fileRef = B5458B0F1EED4A21001D41F4 /* js */; };
		B55EB9571EF02502002F4F2A /* AVFoundation.framework in Frameworks */ = {isa = PBXBuildFile; fileRef = B55EB9561EF02502002F4F2A /* AVFoundation.framework */; };
		B55EB95E1EF02643002F4F2A /* ScanView.m in Sources */ = {isa = PBXBuildFile; fileRef = B55EB95D1EF02643002F4F2A /* ScanView.m */; };
		B55EB9611EF0266B002F4F2A /* QRHandlerViewController.m in Sources */ = {isa = PBXBuildFile; fileRef = B55EB9601EF0266B002F4F2A /* QRHandlerViewController.m */; };
		B55EB9681EF02A0E002F4F2A /* scanFrame.png in Resources */ = {isa = PBXBuildFile; fileRef = B55EB9661EF02A0E002F4F2A /* scanFrame.png */; };
		B55EB9691EF02A0E002F4F2A /* scanLine.png in Resources */ = {isa = PBXBuildFile; fileRef = B55EB9671EF02A0E002F4F2A /* scanLine.png */; };
		B56A1B271EDB11A400D6BF69 /* bgRed.png in Resources */ = {isa = PBXBuildFile; fileRef = B56A1B241EDB11A400D6BF69 /* bgRed.png */; };
		B57DE6561EDA615500705E38 /* main.m in Sources */ = {isa = PBXBuildFile; fileRef = B57DE6551EDA615500705E38 /* main.m */; };
		B57DE6591EDA615500705E38 /* AppDelegate.m in Sources */ = {isa = PBXBuildFile; fileRef = B57DE6581EDA615500705E38 /* AppDelegate.m */; };
		B57DE65C1EDA615500705E38 /* ViewController.m in Sources */ = {isa = PBXBuildFile; fileRef = B57DE65B1EDA615500705E38 /* ViewController.m */; };
		B57DE65F1EDA615500705E38 /* Main.storyboard in Resources */ = {isa = PBXBuildFile; fileRef = B57DE65D1EDA615500705E38 /* Main.storyboard */; };
		B57DE6611EDA615500705E38 /* Assets.xcassets in Resources */ = {isa = PBXBuildFile; fileRef = B57DE6601EDA615500705E38 /* Assets.xcassets */; };
		B57DE6641EDA615500705E38 /* LaunchScreen.storyboard in Resources */ = {isa = PBXBuildFile; fileRef = B57DE6621EDA615500705E38 /* LaunchScreen.storyboard */; };
		B57DE66F1EDA615500705E38 /* iOSBaseDevProjectTests.m in Sources */ = {isa = PBXBuildFile; fileRef = B57DE66E1EDA615500705E38 /* iOSBaseDevProjectTests.m */; };
		B57DE67A1EDA615500705E38 /* iOSBaseDevProjectUITests.m in Sources */ = {isa = PBXBuildFile; fileRef = B57DE6791EDA615500705E38 /* iOSBaseDevProjectUITests.m */; };
		B59896941EE83960008E7E5E /* index.html in Resources */ = {isa = PBXBuildFile; fileRef = B598968A1EE83960008E7E5E /* index.html */; };
		B59C6C6D1EFD52CF009B2D9E /* qrScan.png in Resources */ = {isa = PBXBuildFile; fileRef = B59C6C6A1EFD52CF009B2D9E /* qrScan.png */; };
		B59C6C6E1EFD52CF009B2D9E /* torch_off.png in Resources */ = {isa = PBXBuildFile; fileRef = B59C6C6B1EFD52CF009B2D9E /* torch_off.png */; };
		B59C6C6F1EFD52CF009B2D9E /* torch_on.png in Resources */ = {isa = PBXBuildFile; fileRef = B59C6C6C1EFD52CF009B2D9E /* torch_on.png */; };
		B59C6C761EFD5634009B2D9E /* home.png in Resources */ = {isa = PBXBuildFile; fileRef = B59C6C741EFD5634009B2D9E /* home.png */; };
		B59C6C771EFD5634009B2D9E /* profile.png in Resources */ = {isa = PBXBuildFile; fileRef = B59C6C751EFD5634009B2D9E /* profile.png */; };
		B59C6C7D1EFD578A009B2D9E /* menuItem00000001.png in Resources */ = {isa = PBXBuildFile; fileRef = B59C6C791EFD578A009B2D9E /* menuItem00000001.png */; };
		B59C6C7E1EFD578A009B2D9E /* menuItem00000002.png in Resources */ = {isa = PBXBuildFile; fileRef = B59C6C7A1EFD578A009B2D9E /* menuItem00000002.png */; };
		B59C6C7F1EFD578A009B2D9E /* menuItem00000003.png in Resources */ = {isa = PBXBuildFile; fileRef = B59C6C7B1EFD578A009B2D9E /* menuItem00000003.png */; };
		B59C6C801EFD578A009B2D9E /* menuItem00000004.png in Resources */ = {isa = PBXBuildFile; fileRef = B59C6C7C1EFD578A009B2D9E /* menuItem00000004.png */; };
		B59C6C821EFD57CC009B2D9E /* defaultMenuItem.png in Resources */ = {isa = PBXBuildFile; fileRef = B59C6C811EFD57CC009B2D9E /* defaultMenuItem.png */; };
		B59C6C851EFEC3D7009B2D9E /* MenuInfo.m in Sources */ = {isa = PBXBuildFile; fileRef = B59C6C841EFEC3D7009B2D9E /* MenuInfo.m */; };
		B59C6C871EFEC860009B2D9E /* menuItem00000000.png in Resources */ = {isa = PBXBuildFile; fileRef = B59C6C861EFEC860009B2D9E /* menuItem00000000.png */; };
		B59C6C8E1F049827009B2D9E /* SelfViewController.m in Sources */ = {isa = PBXBuildFile; fileRef = B59C6C8D1F049827009B2D9E /* SelfViewController.m */; };
		B59C6C911F049AFD009B2D9E /* bgSelf.png in Resources */ = {isa = PBXBuildFile; fileRef = B59C6C901F049AFD009B2D9E /* bgSelf.png */; };
		B59C6C931F049EF4009B2D9E /* defaultHeadImage.png in Resources */ = {isa = PBXBuildFile; fileRef = B59C6C921F049EF4009B2D9E /* defaultHeadImage.png */; };
		B59DAAE71EE441A100E1873F /* UIImage+KYLECategory.m in Sources */ = {isa = PBXBuildFile; fileRef = B59DAAE61EE441A100E1873F /* UIImage+KYLECategory.m */; };
		B5D3964C1EDA68050028626F /* HomeViewController.m in Sources */ = {isa = PBXBuildFile; fileRef = B5D3964B1EDA68050028626F /* HomeViewController.m */; };
		B5F00EBE1EFB992A005A4003 /* MenuCellView.m in Sources */ = {isa = PBXBuildFile; fileRef = B5F00EBD1EFB992A005A4003 /* MenuCellView.m */; };
		B5F950F61EF0D29E00993C24 /* MessageUI.framework in Frameworks */ = {isa = PBXBuildFile; fileRef = B5F950F51EF0D29E00993C24 /* MessageUI.framework */; };
		B5F950F81EF373F500993C24 /* alert.html in Resources */ = {isa = PBXBuildFile; fileRef = B5F950F71EF373F500993C24 /* alert.html */; };
		D5E15AABFE482F6202B2DA5F /* libPods-iOSBaseDevProject.a in Frameworks */ = {isa = PBXBuildFile; fileRef = 7F80DD83600D7B0AC4DAE6A3 /* libPods-iOSBaseDevProject.a */; };
		FDA8C37E1060C2EEC5F8354E /* libPods-iOSBaseDevProjectTests.a in Frameworks */ = {isa = PBXBuildFile; fileRef = E687ED5FFD2ECD09F003D3FF /* libPods-iOSBaseDevProjectTests.a */; };
/* End PBXBuildFile section */

/* Begin PBXContainerItemProxy section */
		B57DE66B1EDA615500705E38 /* PBXContainerItemProxy */ = {
			isa = PBXContainerItemProxy;
			containerPortal = B57DE6491EDA615500705E38 /* Project object */;
			proxyType = 1;
			remoteGlobalIDString = B57DE6501EDA615500705E38;
			remoteInfo = iOSBaseDevProject;
		};
		B57DE6761EDA615500705E38 /* PBXContainerItemProxy */ = {
			isa = PBXContainerItemProxy;
			containerPortal = B57DE6491EDA615500705E38 /* Project object */;
			proxyType = 1;
			remoteGlobalIDString = B57DE6501EDA615500705E38;
			remoteInfo = iOSBaseDevProject;
		};
/* End PBXContainerItemProxy section */

/* Begin PBXFileReference section */
		245AD9752623438D1BD94A1C /* Pods-iOSBaseDevProjectTests.release.xcconfig */ = {isa = PBXFileReference; includeInIndex = 1; lastKnownFileType = text.xcconfig; name = "Pods-iOSBaseDevProjectTests.release.xcconfig"; path = "Pods/Target Support Files/Pods-iOSBaseDevProjectTests/Pods-iOSBaseDevProjectTests.release.xcconfig"; sourceTree = "<group>"; };
		7424E0454BBE95E31DBB31EE /* Pods-iOSBaseDevProject.release.xcconfig */ = {isa = PBXFileReference; includeInIndex = 1; lastKnownFileType = text.xcconfig; name = "Pods-iOSBaseDevProject.release.xcconfig"; path = "Pods/Target Support Files/Pods-iOSBaseDevProject/Pods-iOSBaseDevProject.release.xcconfig"; sourceTree = "<group>"; };
		7F80DD83600D7B0AC4DAE6A3 /* libPods-iOSBaseDevProject.a */ = {isa = PBXFileReference; explicitFileType = archive.ar; includeInIndex = 0; path = "libPods-iOSBaseDevProject.a"; sourceTree = BUILT_PRODUCTS_DIR; };
		8440A67ADE1CDF50C298FE0A /* Pods-iOSBaseDevProjectUITests.debug.xcconfig */ = {isa = PBXFileReference; includeInIndex = 1; lastKnownFileType = text.xcconfig; name = "Pods-iOSBaseDevProjectUITests.debug.xcconfig"; path = "Pods/Target Support Files/Pods-iOSBaseDevProjectUITests/Pods-iOSBaseDevProjectUITests.debug.xcconfig"; sourceTree = "<group>"; };
		B504E5271EF8C66D009AC7E2 /* KyleURLProtocol.h */ = {isa = PBXFileReference; fileEncoding = 4; lastKnownFileType = sourcecode.c.h; path = KyleURLProtocol.h; sourceTree = "<group>"; };
		B504E5281EF8C66D009AC7E2 /* KyleURLProtocol.m */ = {isa = PBXFileReference; fileEncoding = 4; lastKnownFileType = sourcecode.c.objc; path = KyleURLProtocol.m; sourceTree = "<group>"; };
		B504E52E1EF913E7009AC7E2 /* FinanceInfo.h */ = {isa = PBXFileReference; fileEncoding = 4; lastKnownFileType = sourcecode.c.h; path = FinanceInfo.h; sourceTree = "<group>"; };
		B504E52F1EF913E7009AC7E2 /* FinanceInfo.m */ = {isa = PBXFileReference; fileEncoding = 4; lastKnownFileType = sourcecode.c.objc; path = FinanceInfo.m; sourceTree = "<group>"; };
		B504E5311EF91452009AC7E2 /* FinanceCellView.h */ = {isa = PBXFileReference; fileEncoding = 4; lastKnownFileType = sourcecode.c.h; path = FinanceCellView.h; sourceTree = "<group>"; };
		B504E5321EF91452009AC7E2 /* FinanceCellView.m */ = {isa = PBXFileReference; fileEncoding = 4; lastKnownFileType = sourcecode.c.objc; path = FinanceCellView.m; sourceTree = "<group>"; };
		B53A22131EEAD9D50081DE7B /* WebViewController.h */ = {isa = PBXFileReference; fileEncoding = 4; lastKnownFileType = sourcecode.c.h; path = WebViewController.h; sourceTree = "<group>"; };
		B53A22141EEAD9D50081DE7B /* WebViewController.m */ = {isa = PBXFileReference; fileEncoding = 4; lastKnownFileType = sourcecode.c.objc; path = WebViewController.m; sourceTree = "<group>"; };
		B5458B041EED07B6001D41F4 /* KyleCollectionView.h */ = {isa = PBXFileReference; fileEncoding = 4; lastKnownFileType = sourcecode.c.h; path = KyleCollectionView.h; sourceTree = "<group>"; };
		B5458B051EED07B6001D41F4 /* KyleCollectionView.m */ = {isa = PBXFileReference; fileEncoding = 4; lastKnownFileType = sourcecode.c.objc; path = KyleCollectionView.m; sourceTree = "<group>"; };
		B5458B0D1EED4A21001D41F4 /* css */ = {isa = PBXFileReference; lastKnownFileType = folder; path = css; sourceTree = "<group>"; };
		B5458B0E1EED4A21001D41F4 /* fonts */ = {isa = PBXFileReference; lastKnownFileType = folder; path = fonts; sourceTree = "<group>"; };
		B5458B0F1EED4A21001D41F4 /* js */ = {isa = PBXFileReference; lastKnownFileType = folder; path = js; sourceTree = "<group>"; };
		B55EB9561EF02502002F4F2A /* AVFoundation.framework */ = {isa = PBXFileReference; lastKnownFileType = wrapper.framework; name = AVFoundation.framework; path = System/Library/Frameworks/AVFoundation.framework; sourceTree = SDKROOT; };
		B55EB95C1EF02643002F4F2A /* ScanView.h */ = {isa = PBXFileReference; fileEncoding = 4; lastKnownFileType = sourcecode.c.h; path = ScanView.h; sourceTree = "<group>"; };
		B55EB95D1EF02643002F4F2A /* ScanView.m */ = {isa = PBXFileReference; fileEncoding = 4; lastKnownFileType = sourcecode.c.objc; path = ScanView.m; sourceTree = "<group>"; };
		B55EB95F1EF0266B002F4F2A /* QRHandlerViewController.h */ = {isa = PBXFileReference; fileEncoding = 4; lastKnownFileType = sourcecode.c.h; path = QRHandlerViewController.h; sourceTree = "<group>"; };
		B55EB9601EF0266B002F4F2A /* QRHandlerViewController.m */ = {isa = PBXFileReference; fileEncoding = 4; lastKnownFileType = sourcecode.c.objc; path = QRHandlerViewController.m; sourceTree = "<group>"; };
		B55EB9661EF02A0E002F4F2A /* scanFrame.png */ = {isa = PBXFileReference; lastKnownFileType = image.png; path = scanFrame.png; sourceTree = "<group>"; };
		B55EB9671EF02A0E002F4F2A /* scanLine.png */ = {isa = PBXFileReference; lastKnownFileType = image.png; path = scanLine.png; sourceTree = "<group>"; };
		B56A1B241EDB11A400D6BF69 /* bgRed.png */ = {isa = PBXFileReference; lastKnownFileType = image.png; path = bgRed.png; sourceTree = "<group>"; };
		B57DE6511EDA615500705E38 /* iOSBaseDevProject.app */ = {isa = PBXFileReference; explicitFileType = wrapper.application; includeInIndex = 0; path = iOSBaseDevProject.app; sourceTree = BUILT_PRODUCTS_DIR; };
		B57DE6551EDA615500705E38 /* main.m */ = {isa = PBXFileReference; lastKnownFileType = sourcecode.c.objc; path = main.m; sourceTree = "<group>"; };
		B57DE6571EDA615500705E38 /* AppDelegate.h */ = {isa = PBXFileReference; lastKnownFileType = sourcecode.c.h; path = AppDelegate.h; sourceTree = "<group>"; };
		B57DE6581EDA615500705E38 /* AppDelegate.m */ = {isa = PBXFileReference; lastKnownFileType = sourcecode.c.objc; path = AppDelegate.m; sourceTree = "<group>"; };
		B57DE65A1EDA615500705E38 /* ViewController.h */ = {isa = PBXFileReference; lastKnownFileType = sourcecode.c.h; path = ViewController.h; sourceTree = "<group>"; };
		B57DE65B1EDA615500705E38 /* ViewController.m */ = {isa = PBXFileReference; lastKnownFileType = sourcecode.c.objc; path = ViewController.m; sourceTree = "<group>"; };
		B57DE65E1EDA615500705E38 /* Base */ = {isa = PBXFileReference; lastKnownFileType = file.storyboard; name = Base; path = Base.lproj/Main.storyboard; sourceTree = "<group>"; };
		B57DE6601EDA615500705E38 /* Assets.xcassets */ = {isa = PBXFileReference; lastKnownFileType = folder.assetcatalog; path = Assets.xcassets; sourceTree = "<group>"; };
		B57DE6631EDA615500705E38 /* Base */ = {isa = PBXFileReference; lastKnownFileType = file.storyboard; name = Base; path = Base.lproj/LaunchScreen.storyboard; sourceTree = "<group>"; };
		B57DE6651EDA615500705E38 /* Info.plist */ = {isa = PBXFileReference; lastKnownFileType = text.plist.xml; path = Info.plist; sourceTree = "<group>"; };
		B57DE66A1EDA615500705E38 /* iOSBaseDevProjectTests.xctest */ = {isa = PBXFileReference; explicitFileType = wrapper.cfbundle; includeInIndex = 0; path = iOSBaseDevProjectTests.xctest; sourceTree = BUILT_PRODUCTS_DIR; };
		B57DE66E1EDA615500705E38 /* iOSBaseDevProjectTests.m */ = {isa = PBXFileReference; lastKnownFileType = sourcecode.c.objc; path = iOSBaseDevProjectTests.m; sourceTree = "<group>"; };
		B57DE6701EDA615500705E38 /* Info.plist */ = {isa = PBXFileReference; lastKnownFileType = text.plist.xml; path = Info.plist; sourceTree = "<group>"; };
		B57DE6751EDA615500705E38 /* iOSBaseDevProjectUITests.xctest */ = {isa = PBXFileReference; explicitFileType = wrapper.cfbundle; includeInIndex = 0; path = iOSBaseDevProjectUITests.xctest; sourceTree = BUILT_PRODUCTS_DIR; };
		B57DE6791EDA615500705E38 /* iOSBaseDevProjectUITests.m */ = {isa = PBXFileReference; lastKnownFileType = sourcecode.c.objc; path = iOSBaseDevProjectUITests.m; sourceTree = "<group>"; };
		B57DE67B1EDA615500705E38 /* Info.plist */ = {isa = PBXFileReference; lastKnownFileType = text.plist.xml; path = Info.plist; sourceTree = "<group>"; };
		B598968A1EE83960008E7E5E /* index.html */ = {isa = PBXFileReference; fileEncoding = 4; lastKnownFileType = text.html; path = index.html; sourceTree = "<group>"; };
		B59C6C6A1EFD52CF009B2D9E /* qrScan.png */ = {isa = PBXFileReference; lastKnownFileType = image.png; path = qrScan.png; sourceTree = "<group>"; };
		B59C6C6B1EFD52CF009B2D9E /* torch_off.png */ = {isa = PBXFileReference; lastKnownFileType = image.png; path = torch_off.png; sourceTree = "<group>"; };
		B59C6C6C1EFD52CF009B2D9E /* torch_on.png */ = {isa = PBXFileReference; lastKnownFileType = image.png; path = torch_on.png; sourceTree = "<group>"; };
		B59C6C741EFD5634009B2D9E /* home.png */ = {isa = PBXFileReference; lastKnownFileType = image.png; path = home.png; sourceTree = "<group>"; };
		B59C6C751EFD5634009B2D9E /* profile.png */ = {isa = PBXFileReference; lastKnownFileType = image.png; path = profile.png; sourceTree = "<group>"; };
		B59C6C791EFD578A009B2D9E /* menuItem00000001.png */ = {isa = PBXFileReference; lastKnownFileType = image.png; path = menuItem00000001.png; sourceTree = "<group>"; };
		B59C6C7A1EFD578A009B2D9E /* menuItem00000002.png */ = {isa = PBXFileReference; lastKnownFileType = image.png; path = menuItem00000002.png; sourceTree = "<group>"; };
		B59C6C7B1EFD578A009B2D9E /* menuItem00000003.png */ = {isa = PBXFileReference; lastKnownFileType = image.png; path = menuItem00000003.png; sourceTree = "<group>"; };
		B59C6C7C1EFD578A009B2D9E /* menuItem00000004.png */ = {isa = PBXFileReference; lastKnownFileType = image.png; path = menuItem00000004.png; sourceTree = "<group>"; };
		B59C6C811EFD57CC009B2D9E /* defaultMenuItem.png */ = {isa = PBXFileReference; lastKnownFileType = image.png; path = defaultMenuItem.png; sourceTree = "<group>"; };
		B59C6C831EFEC3D7009B2D9E /* MenuInfo.h */ = {isa = PBXFileReference; fileEncoding = 4; lastKnownFileType = sourcecode.c.h; path = MenuInfo.h; sourceTree = "<group>"; };
		B59C6C841EFEC3D7009B2D9E /* MenuInfo.m */ = {isa = PBXFileReference; fileEncoding = 4; lastKnownFileType = sourcecode.c.objc; path = MenuInfo.m; sourceTree = "<group>"; };
		B59C6C861EFEC860009B2D9E /* menuItem00000000.png */ = {isa = PBXFileReference; lastKnownFileType = image.png; path = menuItem00000000.png; sourceTree = "<group>"; };
		B59C6C8C1F049827009B2D9E /* SelfViewController.h */ = {isa = PBXFileReference; fileEncoding = 4; lastKnownFileType = sourcecode.c.h; path = SelfViewController.h; sourceTree = "<group>"; };
		B59C6C8D1F049827009B2D9E /* SelfViewController.m */ = {isa = PBXFileReference; fileEncoding = 4; lastKnownFileType = sourcecode.c.objc; path = SelfViewController.m; sourceTree = "<group>"; };
		B59C6C901F049AFD009B2D9E /* bgSelf.png */ = {isa = PBXFileReference; lastKnownFileType = image.png; path = bgSelf.png; sourceTree = "<group>"; };
		B59C6C921F049EF4009B2D9E /* defaultHeadImage.png */ = {isa = PBXFileReference; lastKnownFileType = image.png; path = defaultHeadImage.png; sourceTree = "<group>"; };
		B59DAAE51EE441A100E1873F /* UIImage+KYLECategory.h */ = {isa = PBXFileReference; fileEncoding = 4; lastKnownFileType = sourcecode.c.h; path = "UIImage+KYLECategory.h"; sourceTree = "<group>"; };
		B59DAAE61EE441A100E1873F /* UIImage+KYLECategory.m */ = {isa = PBXFileReference; fileEncoding = 4; lastKnownFileType = sourcecode.c.objc; path = "UIImage+KYLECategory.m"; sourceTree = "<group>"; };
		B5D396441EDA670D0028626F /* PrefixHeader.pch */ = {isa = PBXFileReference; lastKnownFileType = sourcecode.c.h; path = PrefixHeader.pch; sourceTree = "<group>"; };
		B5D3964A1EDA68050028626F /* HomeViewController.h */ = {isa = PBXFileReference; fileEncoding = 4; lastKnownFileType = sourcecode.c.h; path = HomeViewController.h; sourceTree = "<group>"; };
		B5D3964B1EDA68050028626F /* HomeViewController.m */ = {isa = PBXFileReference; fileEncoding = 4; lastKnownFileType = sourcecode.c.objc; path = HomeViewController.m; sourceTree = "<group>"; };
		B5D3964D1EDA68230028626F /* Macros.h */ = {isa = PBXFileReference; lastKnownFileType = sourcecode.c.h; path = Macros.h; sourceTree = "<group>"; };
		B5F00EBC1EFB992A005A4003 /* MenuCellView.h */ = {isa = PBXFileReference; fileEncoding = 4; lastKnownFileType = sourcecode.c.h; path = MenuCellView.h; sourceTree = "<group>"; };
		B5F00EBD1EFB992A005A4003 /* MenuCellView.m */ = {isa = PBXFileReference; fileEncoding = 4; lastKnownFileType = sourcecode.c.objc; path = MenuCellView.m; sourceTree = "<group>"; };
		B5F950F51EF0D29E00993C24 /* MessageUI.framework */ = {isa = PBXFileReference; lastKnownFileType = wrapper.framework; name = MessageUI.framework; path = System/Library/Frameworks/MessageUI.framework; sourceTree = SDKROOT; };
		B5F950F71EF373F500993C24 /* alert.html */ = {isa = PBXFileReference; fileEncoding = 4; lastKnownFileType = text.html; path = alert.html; sourceTree = "<group>"; };
		BFF854E43775D97922CBD534 /* Pods-iOSBaseDevProjectUITests.release.xcconfig */ = {isa = PBXFileReference; includeInIndex = 1; lastKnownFileType = text.xcconfig; name = "Pods-iOSBaseDevProjectUITests.release.xcconfig"; path = "Pods/Target Support Files/Pods-iOSBaseDevProjectUITests/Pods-iOSBaseDevProjectUITests.release.xcconfig"; sourceTree = "<group>"; };
		D09C7E05883F62EC8620CDEA /* Pods-iOSBaseDevProjectTests.debug.xcconfig */ = {isa = PBXFileReference; includeInIndex = 1; lastKnownFileType = text.xcconfig; name = "Pods-iOSBaseDevProjectTests.debug.xcconfig"; path = "Pods/Target Support Files/Pods-iOSBaseDevProjectTests/Pods-iOSBaseDevProjectTests.debug.xcconfig"; sourceTree = "<group>"; };
		E6106434C2A6EC3DDABD8213 /* Pods-iOSBaseDevProject.debug.xcconfig */ = {isa = PBXFileReference; includeInIndex = 1; lastKnownFileType = text.xcconfig; name = "Pods-iOSBaseDevProject.debug.xcconfig"; path = "Pods/Target Support Files/Pods-iOSBaseDevProject/Pods-iOSBaseDevProject.debug.xcconfig"; sourceTree = "<group>"; };
		E687ED5FFD2ECD09F003D3FF /* libPods-iOSBaseDevProjectTests.a */ = {isa = PBXFileReference; explicitFileType = archive.ar; includeInIndex = 0; path = "libPods-iOSBaseDevProjectTests.a"; sourceTree = BUILT_PRODUCTS_DIR; };
		E6B6DA87D92DF849C0A69E39 /* libPods-iOSBaseDevProjectUITests.a */ = {isa = PBXFileReference; explicitFileType = archive.ar; includeInIndex = 0; path = "libPods-iOSBaseDevProjectUITests.a"; sourceTree = BUILT_PRODUCTS_DIR; };
/* End PBXFileReference section */

/* Begin PBXFrameworksBuildPhase section */
		B57DE64E1EDA615500705E38 /* Frameworks */ = {
			isa = PBXFrameworksBuildPhase;
			buildActionMask = 2147483647;
			files = (
				B5F950F61EF0D29E00993C24 /* MessageUI.framework in Frameworks */,
				B55EB9571EF02502002F4F2A /* AVFoundation.framework in Frameworks */,
				D5E15AABFE482F6202B2DA5F /* libPods-iOSBaseDevProject.a in Frameworks */,
			);
			runOnlyForDeploymentPostprocessing = 0;
		};
		B57DE6671EDA615500705E38 /* Frameworks */ = {
			isa = PBXFrameworksBuildPhase;
			buildActionMask = 2147483647;
			files = (
				FDA8C37E1060C2EEC5F8354E /* libPods-iOSBaseDevProjectTests.a in Frameworks */,
			);
			runOnlyForDeploymentPostprocessing = 0;
		};
		B57DE6721EDA615500705E38 /* Frameworks */ = {
			isa = PBXFrameworksBuildPhase;
			buildActionMask = 2147483647;
			files = (
				26B4BF763C940D67A96A30BB /* libPods-iOSBaseDevProjectUITests.a in Frameworks */,
			);
			runOnlyForDeploymentPostprocessing = 0;
		};
/* End PBXFrameworksBuildPhase section */

/* Begin PBXGroup section */
		7F1E63D46DCF4717E653FF22 /* Pods */ = {
			isa = PBXGroup;
			children = (
				E6106434C2A6EC3DDABD8213 /* Pods-iOSBaseDevProject.debug.xcconfig */,
				7424E0454BBE95E31DBB31EE /* Pods-iOSBaseDevProject.release.xcconfig */,
				D09C7E05883F62EC8620CDEA /* Pods-iOSBaseDevProjectTests.debug.xcconfig */,
				245AD9752623438D1BD94A1C /* Pods-iOSBaseDevProjectTests.release.xcconfig */,
				8440A67ADE1CDF50C298FE0A /* Pods-iOSBaseDevProjectUITests.debug.xcconfig */,
				BFF854E43775D97922CBD534 /* Pods-iOSBaseDevProjectUITests.release.xcconfig */,
			);
			name = Pods;
			sourceTree = "<group>";
		};
		A52AD687E3F5C9A206C5F7E0 /* Frameworks */ = {
			isa = PBXGroup;
			children = (
				B5F950F51EF0D29E00993C24 /* MessageUI.framework */,
				B55EB9561EF02502002F4F2A /* AVFoundation.framework */,
				7F80DD83600D7B0AC4DAE6A3 /* libPods-iOSBaseDevProject.a */,
				E687ED5FFD2ECD09F003D3FF /* libPods-iOSBaseDevProjectTests.a */,
				E6B6DA87D92DF849C0A69E39 /* libPods-iOSBaseDevProjectUITests.a */,
			);
			name = Frameworks;
			sourceTree = "<group>";
		};
		B504E5261EF8C63C009AC7E2 /* Public */ = {
			isa = PBXGroup;
			children = (
				B504E5271EF8C66D009AC7E2 /* KyleURLProtocol.h */,
				B504E5281EF8C66D009AC7E2 /* KyleURLProtocol.m */,
			);
			path = Public;
			sourceTree = "<group>";
		};
		B53A220F1EEAD9A70081DE7B /* Webview */ = {
			isa = PBXGroup;
			children = (
				B53A22101EEAD9A70081DE7B /* Controller */,
				B53A22111EEAD9A70081DE7B /* Model */,
				B53A22121EEAD9A70081DE7B /* View */,
			);
			path = Webview;
			sourceTree = "<group>";
		};
		B53A22101EEAD9A70081DE7B /* Controller */ = {
			isa = PBXGroup;
			children = (
				B53A22131EEAD9D50081DE7B /* WebViewController.h */,
				B53A22141EEAD9D50081DE7B /* WebViewController.m */,
			);
			path = Controller;
			sourceTree = "<group>";
		};
		B53A22111EEAD9A70081DE7B /* Model */ = {
			isa = PBXGroup;
			children = (
			);
			path = Model;
			sourceTree = "<group>";
		};
		B53A22121EEAD9A70081DE7B /* View */ = {
			isa = PBXGroup;
			children = (
			);
			path = View;
			sourceTree = "<group>";
		};
		B55EB9581EF02534002F4F2A /* QRCode */ = {
			isa = PBXGroup;
			children = (
				B55EB9591EF02548002F4F2A /* Controller */,
				B55EB95A1EF02548002F4F2A /* Model */,
				B55EB95B1EF02548002F4F2A /* View */,
			);
			path = QRCode;
			sourceTree = "<group>";
		};
		B55EB9591EF02548002F4F2A /* Controller */ = {
			isa = PBXGroup;
			children = (
				B55EB95F1EF0266B002F4F2A /* QRHandlerViewController.h */,
				B55EB9601EF0266B002F4F2A /* QRHandlerViewController.m */,
			);
			path = Controller;
			sourceTree = "<group>";
		};
		B55EB95A1EF02548002F4F2A /* Model */ = {
			isa = PBXGroup;
			children = (
			);
			path = Model;
			sourceTree = "<group>";
		};
		B55EB95B1EF02548002F4F2A /* View */ = {
			isa = PBXGroup;
			children = (
				B55EB95C1EF02643002F4F2A /* ScanView.h */,
				B55EB95D1EF02643002F4F2A /* ScanView.m */,
			);
			path = View;
			sourceTree = "<group>";
		};
		B55EB9651EF02A0E002F4F2A /* QR */ = {
			isa = PBXGroup;
			children = (
				B59C6C6A1EFD52CF009B2D9E /* qrScan.png */,
				B59C6C6B1EFD52CF009B2D9E /* torch_off.png */,
				B59C6C6C1EFD52CF009B2D9E /* torch_on.png */,
				B55EB9661EF02A0E002F4F2A /* scanFrame.png */,
				B55EB9671EF02A0E002F4F2A /* scanLine.png */,
			);
			path = QR;
			sourceTree = "<group>";
		};
		B56A1B031EDAFB6600D6BF69 /* Resources */ = {
			isa = PBXGroup;
			children = (
				B56A1B041EDAFB6600D6BF69 /* images */,
			);
			path = Resources;
			sourceTree = "<group>";
		};
		B56A1B041EDAFB6600D6BF69 /* images */ = {
			isa = PBXGroup;
			children = (
				B59C6C8F1F049AFD009B2D9E /* Self */,
				B59C6C781EFD578A009B2D9E /* Menu */,
				B55EB9651EF02A0E002F4F2A /* QR */,
				B56A1B231EDB11A400D6BF69 /* Home */,
				B56A1B251EDB11A400D6BF69 /* Public */,
			);
			path = images;
			sourceTree = "<group>";
		};
		B56A1B231EDB11A400D6BF69 /* Home */ = {
			isa = PBXGroup;
			children = (
				B56A1B241EDB11A400D6BF69 /* bgRed.png */,
			);
			path = Home;
			sourceTree = "<group>";
		};
		B56A1B251EDB11A400D6BF69 /* Public */ = {
			isa = PBXGroup;
			children = (
				B59C6C741EFD5634009B2D9E /* home.png */,
				B59C6C751EFD5634009B2D9E /* profile.png */,
			);
			path = Public;
			sourceTree = "<group>";
		};
		B57DE6481EDA615500705E38 = {
			isa = PBXGroup;
			children = (
				B57DE6531EDA615500705E38 /* iOSBaseDevProject */,
				B57DE66D1EDA615500705E38 /* iOSBaseDevProjectTests */,
				B57DE6781EDA615500705E38 /* iOSBaseDevProjectUITests */,
				B57DE6521EDA615500705E38 /* Products */,
				7F1E63D46DCF4717E653FF22 /* Pods */,
				A52AD687E3F5C9A206C5F7E0 /* Frameworks */,
			);
			sourceTree = "<group>";
		};
		B57DE6521EDA615500705E38 /* Products */ = {
			isa = PBXGroup;
			children = (
				B57DE6511EDA615500705E38 /* iOSBaseDevProject.app */,
				B57DE66A1EDA615500705E38 /* iOSBaseDevProjectTests.xctest */,
				B57DE6751EDA615500705E38 /* iOSBaseDevProjectUITests.xctest */,
			);
			name = Products;
			sourceTree = "<group>";
		};
		B57DE6531EDA615500705E38 /* iOSBaseDevProject */ = {
			isa = PBXGroup;
			children = (
				B59896841EE83960008E7E5E /* WebContent */,
				B5D396451EDA67EB0028626F /* Classes */,
				B57DE6571EDA615500705E38 /* AppDelegate.h */,
				B57DE6581EDA615500705E38 /* AppDelegate.m */,
				B57DE65A1EDA615500705E38 /* ViewController.h */,
				B57DE65B1EDA615500705E38 /* ViewController.m */,
				B57DE65D1EDA615500705E38 /* Main.storyboard */,
				B57DE6601EDA615500705E38 /* Assets.xcassets */,
				B57DE6621EDA615500705E38 /* LaunchScreen.storyboard */,
				B57DE6651EDA615500705E38 /* Info.plist */,
				B57DE6541EDA615500705E38 /* Supporting Files */,
				B5D396441EDA670D0028626F /* PrefixHeader.pch */,
				B5D3964D1EDA68230028626F /* Macros.h */,
			);
			path = iOSBaseDevProject;
			sourceTree = "<group>";
		};
		B57DE6541EDA615500705E38 /* Supporting Files */ = {
			isa = PBXGroup;
			children = (
				B59DAAE41EE441A100E1873F /* Categories */,
				B56A1B031EDAFB6600D6BF69 /* Resources */,
				B57DE6551EDA615500705E38 /* main.m */,
			);
			name = "Supporting Files";
			sourceTree = "<group>";
		};
		B57DE66D1EDA615500705E38 /* iOSBaseDevProjectTests */ = {
			isa = PBXGroup;
			children = (
				B57DE66E1EDA615500705E38 /* iOSBaseDevProjectTests.m */,
				B57DE6701EDA615500705E38 /* Info.plist */,
			);
			path = iOSBaseDevProjectTests;
			sourceTree = "<group>";
		};
		B57DE6781EDA615500705E38 /* iOSBaseDevProjectUITests */ = {
			isa = PBXGroup;
			children = (
				B57DE6791EDA615500705E38 /* iOSBaseDevProjectUITests.m */,
				B57DE67B1EDA615500705E38 /* Info.plist */,
			);
			path = iOSBaseDevProjectUITests;
			sourceTree = "<group>";
		};
		B59896841EE83960008E7E5E /* WebContent */ = {
			isa = PBXGroup;
			children = (
				B5458B0D1EED4A21001D41F4 /* css */,
				B5458B0E1EED4A21001D41F4 /* fonts */,
				B5458B0F1EED4A21001D41F4 /* js */,
				B598968A1EE83960008E7E5E /* index.html */,
				B5F950F71EF373F500993C24 /* alert.html */,
			);
			path = WebContent;
			sourceTree = "<group>";
		};
		B59C6C781EFD578A009B2D9E /* Menu */ = {
			isa = PBXGroup;
			children = (
				B59C6C811EFD57CC009B2D9E /* defaultMenuItem.png */,
				B59C6C861EFEC860009B2D9E /* menuItem00000000.png */,
				B59C6C791EFD578A009B2D9E /* menuItem00000001.png */,
				B59C6C7A1EFD578A009B2D9E /* menuItem00000002.png */,
				B59C6C7B1EFD578A009B2D9E /* menuItem00000003.png */,
				B59C6C7C1EFD578A009B2D9E /* menuItem00000004.png */,
			);
			path = Menu;
			sourceTree = "<group>";
		};
		B59C6C881F0497F3009B2D9E /* Self */ = {
			isa = PBXGroup;
			children = (
				B59C6C891F0497F3009B2D9E /* Controller */,
				B59C6C8A1F0497F3009B2D9E /* Model */,
				B59C6C8B1F0497F3009B2D9E /* View */,
			);
			path = Self;
			sourceTree = "<group>";
		};
		B59C6C891F0497F3009B2D9E /* Controller */ = {
			isa = PBXGroup;
			children = (
				B59C6C8C1F049827009B2D9E /* SelfViewController.h */,
				B59C6C8D1F049827009B2D9E /* SelfViewController.m */,
			);
			path = Controller;
			sourceTree = "<group>";
		};
		B59C6C8A1F0497F3009B2D9E /* Model */ = {
			isa = PBXGroup;
			children = (
			);
			path = Model;
			sourceTree = "<group>";
		};
		B59C6C8B1F0497F3009B2D9E /* View */ = {
			isa = PBXGroup;
			children = (
			);
			path = View;
			sourceTree = "<group>";
		};
		B59C6C8F1F049AFD009B2D9E /* Self */ = {
			isa = PBXGroup;
			children = (
				B59C6C901F049AFD009B2D9E /* bgSelf.png */,
				B59C6C921F049EF4009B2D9E /* defaultHeadImage.png */,
			);
			path = Self;
			sourceTree = "<group>";
		};
		B59DAAE41EE441A100E1873F /* Categories */ = {
			isa = PBXGroup;
			children = (
				B59DAAE51EE441A100E1873F /* UIImage+KYLECategory.h */,
				B59DAAE61EE441A100E1873F /* UIImage+KYLECategory.m */,
			);
			path = Categories;
			sourceTree = "<group>";
		};
		B5D396451EDA67EB0028626F /* Classes */ = {
			isa = PBXGroup;
			children = (
				B504E5261EF8C63C009AC7E2 /* Public */,
				B55EB9581EF02534002F4F2A /* QRCode */,
				B59C6C881F0497F3009B2D9E /* Self */,
				B53A220F1EEAD9A70081DE7B /* Webview */,
				B5D396461EDA67EB0028626F /* Home */,
			);
			path = Classes;
			sourceTree = "<group>";
		};
		B5D396461EDA67EB0028626F /* Home */ = {
			isa = PBXGroup;
			children = (
				B5D396471EDA67EB0028626F /* Controller */,
				B5D396481EDA67EB0028626F /* Model */,
				B5D396491EDA67EB0028626F /* View */,
			);
			path = Home;
			sourceTree = "<group>";
		};
		B5D396471EDA67EB0028626F /* Controller */ = {
			isa = PBXGroup;
			children = (
				B5D3964A1EDA68050028626F /* HomeViewController.h */,
				B5D3964B1EDA68050028626F /* HomeViewController.m */,
			);
			path = Controller;
			sourceTree = "<group>";
		};
		B5D396481EDA67EB0028626F /* Model */ = {
			isa = PBXGroup;
			children = (
				B504E52E1EF913E7009AC7E2 /* FinanceInfo.h */,
				B504E52F1EF913E7009AC7E2 /* FinanceInfo.m */,
				B59C6C831EFEC3D7009B2D9E /* MenuInfo.h */,
				B59C6C841EFEC3D7009B2D9E /* MenuInfo.m */,
			);
			path = Model;
			sourceTree = "<group>";
		};
		B5D396491EDA67EB0028626F /* View */ = {
			isa = PBXGroup;
			children = (
				B5458B041EED07B6001D41F4 /* KyleCollectionView.h */,
				B5458B051EED07B6001D41F4 /* KyleCollectionView.m */,
				B5F00EBC1EFB992A005A4003 /* MenuCellView.h */,
				B5F00EBD1EFB992A005A4003 /* MenuCellView.m */,
				B504E5311EF91452009AC7E2 /* FinanceCellView.h */,
				B504E5321EF91452009AC7E2 /* FinanceCellView.m */,
			);
			path = View;
			sourceTree = "<group>";
		};
/* End PBXGroup section */

/* Begin PBXNativeTarget section */
		B57DE6501EDA615500705E38 /* iOSBaseDevProject */ = {
			isa = PBXNativeTarget;
			buildConfigurationList = B57DE67E1EDA615500705E38 /* Build configuration list for PBXNativeTarget "iOSBaseDevProject" */;
			buildPhases = (
				5BAE7989E6ACA60FADF3AE13 /* [CP] Check Pods Manifest.lock */,
				B57DE64D1EDA615500705E38 /* Sources */,
				B57DE64E1EDA615500705E38 /* Frameworks */,
				B57DE64F1EDA615500705E38 /* Resources */,
				FB3DEEBC31763F72629C42BB /* [CP] Embed Pods Frameworks */,
				06D570301D5073953A2474A4 /* [CP] Copy Pods Resources */,
			);
			buildRules = (
			);
			dependencies = (
			);
			name = iOSBaseDevProject;
			productName = iOSBaseDevProject;
			productReference = B57DE6511EDA615500705E38 /* iOSBaseDevProject.app */;
			productType = "com.apple.product-type.application";
		};
		B57DE6691EDA615500705E38 /* iOSBaseDevProjectTests */ = {
			isa = PBXNativeTarget;
			buildConfigurationList = B57DE6811EDA615500705E38 /* Build configuration list for PBXNativeTarget "iOSBaseDevProjectTests" */;
			buildPhases = (
				250675E99B04EEA6275D8CB3 /* [CP] Check Pods Manifest.lock */,
				B57DE6661EDA615500705E38 /* Sources */,
				B57DE6671EDA615500705E38 /* Frameworks */,
				B57DE6681EDA615500705E38 /* Resources */,
				EA37C9A944611D58E63E4C3E /* [CP] Embed Pods Frameworks */,
				CC811485E17603A15C75B645 /* [CP] Copy Pods Resources */,
			);
			buildRules = (
			);
			dependencies = (
				B57DE66C1EDA615500705E38 /* PBXTargetDependency */,
			);
			name = iOSBaseDevProjectTests;
			productName = iOSBaseDevProjectTests;
			productReference = B57DE66A1EDA615500705E38 /* iOSBaseDevProjectTests.xctest */;
			productType = "com.apple.product-type.bundle.unit-test";
		};
		B57DE6741EDA615500705E38 /* iOSBaseDevProjectUITests */ = {
			isa = PBXNativeTarget;
			buildConfigurationList = B57DE6841EDA615500705E38 /* Build configuration list for PBXNativeTarget "iOSBaseDevProjectUITests" */;
			buildPhases = (
				21E054960EFA88C76C0D7991 /* [CP] Check Pods Manifest.lock */,
				B57DE6711EDA615500705E38 /* Sources */,
				B57DE6721EDA615500705E38 /* Frameworks */,
				B57DE6731EDA615500705E38 /* Resources */,
				A49248DF7FBA83B925BA3649 /* [CP] Embed Pods Frameworks */,
				9914A6CC68FA8EAB21A94F08 /* [CP] Copy Pods Resources */,
			);
			buildRules = (
			);
			dependencies = (
				B57DE6771EDA615500705E38 /* PBXTargetDependency */,
			);
			name = iOSBaseDevProjectUITests;
			productName = iOSBaseDevProjectUITests;
			productReference = B57DE6751EDA615500705E38 /* iOSBaseDevProjectUITests.xctest */;
			productType = "com.apple.product-type.bundle.ui-testing";
		};
/* End PBXNativeTarget section */

/* Begin PBXProject section */
		B57DE6491EDA615500705E38 /* Project object */ = {
			isa = PBXProject;
			attributes = {
				LastUpgradeCheck = 0830;
				ORGANIZATIONNAME = "梁坤尧";
				TargetAttributes = {
					B57DE6501EDA615500705E38 = {
						CreatedOnToolsVersion = 8.3;
						DevelopmentTeam = 59EXG399LT;
						ProvisioningStyle = Automatic;
					};
					B57DE6691EDA615500705E38 = {
						CreatedOnToolsVersion = 8.3;
						DevelopmentTeam = 59EXG399LT;
						ProvisioningStyle = Automatic;
						TestTargetID = B57DE6501EDA615500705E38;
					};
					B57DE6741EDA615500705E38 = {
						CreatedOnToolsVersion = 8.3;
						DevelopmentTeam = 59EXG399LT;
						ProvisioningStyle = Automatic;
						TestTargetID = B57DE6501EDA615500705E38;
					};
				};
			};
			buildConfigurationList = B57DE64C1EDA615500705E38 /* Build configuration list for PBXProject "iOSBaseDevProject" */;
			compatibilityVersion = "Xcode 3.2";
			developmentRegion = English;
			hasScannedForEncodings = 0;
			knownRegions = (
				en,
				Base,
			);
			mainGroup = B57DE6481EDA615500705E38;
			productRefGroup = B57DE6521EDA615500705E38 /* Products */;
			projectDirPath = "";
			projectRoot = "";
			targets = (
				B57DE6501EDA615500705E38 /* iOSBaseDevProject */,
				B57DE6691EDA615500705E38 /* iOSBaseDevProjectTests */,
				B57DE6741EDA615500705E38 /* iOSBaseDevProjectUITests */,
			);
		};
/* End PBXProject section */

/* Begin PBXResourcesBuildPhase section */
		B57DE64F1EDA615500705E38 /* Resources */ = {
			isa = PBXResourcesBuildPhase;
			buildActionMask = 2147483647;
			files = (
				B5458B121EED4A21001D41F4 /* js in Resources */,
				B59C6C871EFEC860009B2D9E /* menuItem00000000.png in Resources */,
				B59C6C761EFD5634009B2D9E /* home.png in Resources */,
				B55EB9691EF02A0E002F4F2A /* scanLine.png in Resources */,
				B59C6C7E1EFD578A009B2D9E /* menuItem00000002.png in Resources */,
				B56A1B271EDB11A400D6BF69 /* bgRed.png in Resources */,
				B59896941EE83960008E7E5E /* index.html in Resources */,
				B5F950F81EF373F500993C24 /* alert.html in Resources */,
				B59C6C6E1EFD52CF009B2D9E /* torch_off.png in Resources */,
				B59C6C931F049EF4009B2D9E /* defaultHeadImage.png in Resources */,
				B55EB9681EF02A0E002F4F2A /* scanFrame.png in Resources */,
				B5458B101EED4A21001D41F4 /* css in Resources */,
				B59C6C771EFD5634009B2D9E /* profile.png in Resources */,
				B57DE6641EDA615500705E38 /* LaunchScreen.storyboard in Resources */,
				B57DE6611EDA615500705E38 /* Assets.xcassets in Resources */,
				B59C6C7D1EFD578A009B2D9E /* menuItem00000001.png in Resources */,
				B59C6C6F1EFD52CF009B2D9E /* torch_on.png in Resources */,
				B59C6C801EFD578A009B2D9E /* menuItem00000004.png in Resources */,
				B59C6C821EFD57CC009B2D9E /* defaultMenuItem.png in Resources */,
				B59C6C911F049AFD009B2D9E /* bgSelf.png in Resources */,
				B57DE65F1EDA615500705E38 /* Main.storyboard in Resources */,
				B59C6C7F1EFD578A009B2D9E /* menuItem00000003.png in Resources */,
				B59C6C6D1EFD52CF009B2D9E /* qrScan.png in Resources */,
				B5458B111EED4A21001D41F4 /* fonts in Resources */,
			);
			runOnlyForDeploymentPostprocessing = 0;
		};
		B57DE6681EDA615500705E38 /* Resources */ = {
			isa = PBXResourcesBuildPhase;
			buildActionMask = 2147483647;
			files = (
			);
			runOnlyForDeploymentPostprocessing = 0;
		};
		B57DE6731EDA615500705E38 /* Resources */ = {
			isa = PBXResourcesBuildPhase;
			buildActionMask = 2147483647;
			files = (
			);
			runOnlyForDeploymentPostprocessing = 0;
		};
/* End PBXResourcesBuildPhase section */

/* Begin PBXShellScriptBuildPhase section */
		06D570301D5073953A2474A4 /* [CP] Copy Pods Resources */ = {
			isa = PBXShellScriptBuildPhase;
			buildActionMask = 2147483647;
			files = (
			);
			inputPaths = (
			);
			name = "[CP] Copy Pods Resources";
			outputPaths = (
			);
			runOnlyForDeploymentPostprocessing = 0;
			shellPath = /bin/sh;
			shellScript = "\"${SRCROOT}/Pods/Target Support Files/Pods-iOSBaseDevProject/Pods-iOSBaseDevProject-resources.sh\"\n";
			showEnvVarsInLog = 0;
		};
		21E054960EFA88C76C0D7991 /* [CP] Check Pods Manifest.lock */ = {
			isa = PBXShellScriptBuildPhase;
			buildActionMask = 2147483647;
			files = (
			);
			inputPaths = (
			);
			name = "[CP] Check Pods Manifest.lock";
			outputPaths = (
			);
			runOnlyForDeploymentPostprocessing = 0;
			shellPath = /bin/sh;
			shellScript = "diff \"${PODS_ROOT}/../Podfile.lock\" \"${PODS_ROOT}/Manifest.lock\" > /dev/null\nif [ $? != 0 ] ; then\n    # print error to STDERR\n    echo \"error: The sandbox is not in sync with the Podfile.lock. Run 'pod install' or update your CocoaPods installation.\" >&2\n    exit 1\nfi\n";
			showEnvVarsInLog = 0;
		};
		250675E99B04EEA6275D8CB3 /* [CP] Check Pods Manifest.lock */ = {
			isa = PBXShellScriptBuildPhase;
			buildActionMask = 2147483647;
			files = (
			);
			inputPaths = (
			);
			name = "[CP] Check Pods Manifest.lock";
			outputPaths = (
			);
			runOnlyForDeploymentPostprocessing = 0;
			shellPath = /bin/sh;
			shellScript = "diff \"${PODS_ROOT}/../Podfile.lock\" \"${PODS_ROOT}/Manifest.lock\" > /dev/null\nif [ $? != 0 ] ; then\n    # print error to STDERR\n    echo \"error: The sandbox is not in sync with the Podfile.lock. Run 'pod install' or update your CocoaPods installation.\" >&2\n    exit 1\nfi\n";
			showEnvVarsInLog = 0;
		};
		5BAE7989E6ACA60FADF3AE13 /* [CP] Check Pods Manifest.lock */ = {
			isa = PBXShellScriptBuildPhase;
			buildActionMask = 2147483647;
			files = (
			);
			inputPaths = (
			);
			name = "[CP] Check Pods Manifest.lock";
			outputPaths = (
			);
			runOnlyForDeploymentPostprocessing = 0;
			shellPath = /bin/sh;
			shellScript = "diff \"${PODS_ROOT}/../Podfile.lock\" \"${PODS_ROOT}/Manifest.lock\" > /dev/null\nif [ $? != 0 ] ; then\n    # print error to STDERR\n    echo \"error: The sandbox is not in sync with the Podfile.lock. Run 'pod install' or update your CocoaPods installation.\" >&2\n    exit 1\nfi\n";
			showEnvVarsInLog = 0;
		};
		9914A6CC68FA8EAB21A94F08 /* [CP] Copy Pods Resources */ = {
			isa = PBXShellScriptBuildPhase;
			buildActionMask = 2147483647;
			files = (
			);
			inputPaths = (
			);
			name = "[CP] Copy Pods Resources";
			outputPaths = (
			);
			runOnlyForDeploymentPostprocessing = 0;
			shellPath = /bin/sh;
			shellScript = "\"${SRCROOT}/Pods/Target Support Files/Pods-iOSBaseDevProjectUITests/Pods-iOSBaseDevProjectUITests-resources.sh\"\n";
			showEnvVarsInLog = 0;
		};
		A49248DF7FBA83B925BA3649 /* [CP] Embed Pods Frameworks */ = {
			isa = PBXShellScriptBuildPhase;
			buildActionMask = 2147483647;
			files = (
			);
			inputPaths = (
			);
			name = "[CP] Embed Pods Frameworks";
			outputPaths = (
			);
			runOnlyForDeploymentPostprocessing = 0;
			shellPath = /bin/sh;
			shellScript = "\"${SRCROOT}/Pods/Target Support Files/Pods-iOSBaseDevProjectUITests/Pods-iOSBaseDevProjectUITests-frameworks.sh\"\n";
			showEnvVarsInLog = 0;
		};
		CC811485E17603A15C75B645 /* [CP] Copy Pods Resources */ = {
			isa = PBXShellScriptBuildPhase;
			buildActionMask = 2147483647;
			files = (
			);
			inputPaths = (
			);
			name = "[CP] Copy Pods Resources";
			outputPaths = (
			);
			runOnlyForDeploymentPostprocessing = 0;
			shellPath = /bin/sh;
			shellScript = "\"${SRCROOT}/Pods/Target Support Files/Pods-iOSBaseDevProjectTests/Pods-iOSBaseDevProjectTests-resources.sh\"\n";
			showEnvVarsInLog = 0;
		};
		EA37C9A944611D58E63E4C3E /* [CP] Embed Pods Frameworks */ = {
			isa = PBXShellScriptBuildPhase;
			buildActionMask = 2147483647;
			files = (
			);
			inputPaths = (
			);
			name = "[CP] Embed Pods Frameworks";
			outputPaths = (
			);
			runOnlyForDeploymentPostprocessing = 0;
			shellPath = /bin/sh;
			shellScript = "\"${SRCROOT}/Pods/Target Support Files/Pods-iOSBaseDevProjectTests/Pods-iOSBaseDevProjectTests-frameworks.sh\"\n";
			showEnvVarsInLog = 0;
		};
		FB3DEEBC31763F72629C42BB /* [CP] Embed Pods Frameworks */ = {
			isa = PBXShellScriptBuildPhase;
			buildActionMask = 2147483647;
			files = (
			);
			inputPaths = (
			);
			name = "[CP] Embed Pods Frameworks";
			outputPaths = (
			);
			runOnlyForDeploymentPostprocessing = 0;
			shellPath = /bin/sh;
			shellScript = "\"${SRCROOT}/Pods/Target Support Files/Pods-iOSBaseDevProject/Pods-iOSBaseDevProject-frameworks.sh\"\n";
			showEnvVarsInLog = 0;
		};
/* End PBXShellScriptBuildPhase section */

/* Begin PBXSourcesBuildPhase section */
		B57DE64D1EDA615500705E38 /* Sources */ = {
			isa = PBXSourcesBuildPhase;
			buildActionMask = 2147483647;
			files = (
				B57DE65C1EDA615500705E38 /* ViewController.m in Sources */,
				B504E5301EF913E7009AC7E2 /* FinanceInfo.m in Sources */,
				B59C6C851EFEC3D7009B2D9E /* MenuInfo.m in Sources */,
				B5F00EBE1EFB992A005A4003 /* MenuCellView.m in Sources */,
				B53A22151EEAD9D50081DE7B /* WebViewController.m in Sources */,
				B504E5291EF8C66D009AC7E2 /* KyleURLProtocol.m in Sources */,
				B57DE6591EDA615500705E38 /* AppDelegate.m in Sources */,
				B59DAAE71EE441A100E1873F /* UIImage+KYLECategory.m in Sources */,
				B55EB9611EF0266B002F4F2A /* QRHandlerViewController.m in Sources */,
				B57DE6561EDA615500705E38 /* main.m in Sources */,
				B55EB95E1EF02643002F4F2A /* ScanView.m in Sources */,
				B5D3964C1EDA68050028626F /* HomeViewController.m in Sources */,
				B5458B061EED07B6001D41F4 /* KyleCollectionView.m in Sources */,
				B504E5331EF91452009AC7E2 /* FinanceCellView.m in Sources */,
				B59C6C8E1F049827009B2D9E /* SelfViewController.m in Sources */,
			);
			runOnlyForDeploymentPostprocessing = 0;
		};
		B57DE6661EDA615500705E38 /* Sources */ = {
			isa = PBXSourcesBuildPhase;
			buildActionMask = 2147483647;
			files = (
				B57DE66F1EDA615500705E38 /* iOSBaseDevProjectTests.m in Sources */,
			);
			runOnlyForDeploymentPostprocessing = 0;
		};
		B57DE6711EDA615500705E38 /* Sources */ = {
			isa = PBXSourcesBuildPhase;
			buildActionMask = 2147483647;
			files = (
				B57DE67A1EDA615500705E38 /* iOSBaseDevProjectUITests.m in Sources */,
			);
			runOnlyForDeploymentPostprocessing = 0;
		};
/* End PBXSourcesBuildPhase section */

/* Begin PBXTargetDependency section */
		B57DE66C1EDA615500705E38 /* PBXTargetDependency */ = {
			isa = PBXTargetDependency;
			target = B57DE6501EDA615500705E38 /* iOSBaseDevProject */;
			targetProxy = B57DE66B1EDA615500705E38 /* PBXContainerItemProxy */;
		};
		B57DE6771EDA615500705E38 /* PBXTargetDependency */ = {
			isa = PBXTargetDependency;
			target = B57DE6501EDA615500705E38 /* iOSBaseDevProject */;
			targetProxy = B57DE6761EDA615500705E38 /* PBXContainerItemProxy */;
		};
/* End PBXTargetDependency section */

/* Begin PBXVariantGroup section */
		B57DE65D1EDA615500705E38 /* Main.storyboard */ = {
			isa = PBXVariantGroup;
			children = (
				B57DE65E1EDA615500705E38 /* Base */,
			);
			name = Main.storyboard;
			sourceTree = "<group>";
		};
		B57DE6621EDA615500705E38 /* LaunchScreen.storyboard */ = {
			isa = PBXVariantGroup;
			children = (
				B57DE6631EDA615500705E38 /* Base */,
			);
			name = LaunchScreen.storyboard;
			sourceTree = "<group>";
		};
/* End PBXVariantGroup section */

/* Begin XCBuildConfiguration section */
		B57DE67C1EDA615500705E38 /* Debug */ = {
			isa = XCBuildConfiguration;
			buildSettings = {
				ALWAYS_SEARCH_USER_PATHS = NO;
				CLANG_ANALYZER_NONNULL = YES;
				CLANG_ANALYZER_NUMBER_OBJECT_CONVERSION = YES_AGGRESSIVE;
				CLANG_CXX_LANGUAGE_STANDARD = "gnu++0x";
				CLANG_CXX_LIBRARY = "libc++";
				CLANG_ENABLE_MODULES = YES;
				CLANG_ENABLE_OBJC_ARC = YES;
				CLANG_WARN_BOOL_CONVERSION = YES;
				CLANG_WARN_CONSTANT_CONVERSION = YES;
				CLANG_WARN_DIRECT_OBJC_ISA_USAGE = YES_ERROR;
				CLANG_WARN_DOCUMENTATION_COMMENTS = YES;
				CLANG_WARN_EMPTY_BODY = YES;
				CLANG_WARN_ENUM_CONVERSION = YES;
				CLANG_WARN_INFINITE_RECURSION = YES;
				CLANG_WARN_INT_CONVERSION = YES;
				CLANG_WARN_OBJC_ROOT_CLASS = YES_ERROR;
				CLANG_WARN_SUSPICIOUS_MOVE = YES;
				CLANG_WARN_UNREACHABLE_CODE = YES;
				CLANG_WARN__DUPLICATE_METHOD_MATCH = YES;
				"CODE_SIGN_IDENTITY[sdk=iphoneos*]" = "iPhone Developer";
				COPY_PHASE_STRIP = NO;
				DEBUG_INFORMATION_FORMAT = dwarf;
				ENABLE_STRICT_OBJC_MSGSEND = YES;
				ENABLE_TESTABILITY = YES;
				GCC_C_LANGUAGE_STANDARD = gnu99;
				GCC_DYNAMIC_NO_PIC = NO;
				GCC_NO_COMMON_BLOCKS = YES;
				GCC_OPTIMIZATION_LEVEL = 0;
				GCC_PREPROCESSOR_DEFINITIONS = (
					"DEBUG=1",
					"$(inherited)",
				);
				GCC_WARN_64_TO_32_BIT_CONVERSION = YES;
				GCC_WARN_ABOUT_RETURN_TYPE = YES_ERROR;
				GCC_WARN_UNDECLARED_SELECTOR = YES;
				GCC_WARN_UNINITIALIZED_AUTOS = YES_AGGRESSIVE;
				GCC_WARN_UNUSED_FUNCTION = YES;
				GCC_WARN_UNUSED_VARIABLE = YES;
				IPHONEOS_DEPLOYMENT_TARGET = 10.3;
				MTL_ENABLE_DEBUG_INFO = YES;
				ONLY_ACTIVE_ARCH = YES;
				SDKROOT = iphoneos;
				TARGETED_DEVICE_FAMILY = "1,2";
			};
			name = Debug;
		};
		B57DE67D1EDA615500705E38 /* Release */ = {
			isa = XCBuildConfiguration;
			buildSettings = {
				ALWAYS_SEARCH_USER_PATHS = NO;
				CLANG_ANALYZER_NONNULL = YES;
				CLANG_ANALYZER_NUMBER_OBJECT_CONVERSION = YES_AGGRESSIVE;
				CLANG_CXX_LANGUAGE_STANDARD = "gnu++0x";
				CLANG_CXX_LIBRARY = "libc++";
				CLANG_ENABLE_MODULES = YES;
				CLANG_ENABLE_OBJC_ARC = YES;
				CLANG_WARN_BOOL_CONVERSION = YES;
				CLANG_WARN_CONSTANT_CONVERSION = YES;
				CLANG_WARN_DIRECT_OBJC_ISA_USAGE = YES_ERROR;
				CLANG_WARN_DOCUMENTATION_COMMENTS = YES;
				CLANG_WARN_EMPTY_BODY = YES;
				CLANG_WARN_ENUM_CONVERSION = YES;
				CLANG_WARN_INFINITE_RECURSION = YES;
				CLANG_WARN_INT_CONVERSION = YES;
				CLANG_WARN_OBJC_ROOT_CLASS = YES_ERROR;
				CLANG_WARN_SUSPICIOUS_MOVE = YES;
				CLANG_WARN_UNREACHABLE_CODE = YES;
				CLANG_WARN__DUPLICATE_METHOD_MATCH = YES;
				"CODE_SIGN_IDENTITY[sdk=iphoneos*]" = "iPhone Developer";
				COPY_PHASE_STRIP = NO;
				DEBUG_INFORMATION_FORMAT = "dwarf-with-dsym";
				ENABLE_NS_ASSERTIONS = NO;
				ENABLE_STRICT_OBJC_MSGSEND = YES;
				GCC_C_LANGUAGE_STANDARD = gnu99;
				GCC_NO_COMMON_BLOCKS = YES;
				GCC_WARN_64_TO_32_BIT_CONVERSION = YES;
				GCC_WARN_ABOUT_RETURN_TYPE = YES_ERROR;
				GCC_WARN_UNDECLARED_SELECTOR = YES;
				GCC_WARN_UNINITIALIZED_AUTOS = YES_AGGRESSIVE;
				GCC_WARN_UNUSED_FUNCTION = YES;
				GCC_WARN_UNUSED_VARIABLE = YES;
				IPHONEOS_DEPLOYMENT_TARGET = 10.3;
				MTL_ENABLE_DEBUG_INFO = NO;
				SDKROOT = iphoneos;
				TARGETED_DEVICE_FAMILY = "1,2";
				VALIDATE_PRODUCT = YES;
			};
			name = Release;
		};
		B57DE67F1EDA615500705E38 /* Debug */ = {
			isa = XCBuildConfiguration;
			baseConfigurationReference = E6106434C2A6EC3DDABD8213 /* Pods-iOSBaseDevProject.debug.xcconfig */;
			buildSettings = {
				ASSETCATALOG_COMPILER_APPICON_NAME = AppIcon;
				DEVELOPMENT_TEAM = 59EXG399LT;
				GCC_PREFIX_HEADER = "$(SRCROOT)/iOSBaseDevProject/PrefixHeader.pch";
				INFOPLIST_FILE = iOSBaseDevProject/Info.plist;
				IPHONEOS_DEPLOYMENT_TARGET = 9.0;
				LD_RUNPATH_SEARCH_PATHS = "$(inherited) @executable_path/Frameworks";
				PRODUCT_BUNDLE_IDENTIFIER = liang.kyle.iOSBaseDevProject;
				PRODUCT_NAME = "$(TARGET_NAME)";
			};
			name = Debug;
		};
		B57DE6801EDA615500705E38 /* Release */ = {
			isa = XCBuildConfiguration;
			baseConfigurationReference = 7424E0454BBE95E31DBB31EE /* Pods-iOSBaseDevProject.release.xcconfig */;
			buildSettings = {
				ASSETCATALOG_COMPILER_APPICON_NAME = AppIcon;
				DEVELOPMENT_TEAM = 59EXG399LT;
				GCC_PREFIX_HEADER = "$(SRCROOT)/iOSBaseDevProject/PrefixHeader.pch";
				INFOPLIST_FILE = iOSBaseDevProject/Info.plist;
				IPHONEOS_DEPLOYMENT_TARGET = 9.0;
				LD_RUNPATH_SEARCH_PATHS = "$(inherited) @executable_path/Frameworks";
				PRODUCT_BUNDLE_IDENTIFIER = liang.kyle.iOSBaseDevProject;
				PRODUCT_NAME = "$(TARGET_NAME)";
			};
			name = Release;
		};
		B57DE6821EDA615500705E38 /* Debug */ = {
			isa = XCBuildConfiguration;
			baseConfigurationReference = D09C7E05883F62EC8620CDEA /* Pods-iOSBaseDevProjectTests.debug.xcconfig */;
			buildSettings = {
				BUNDLE_LOADER = "$(TEST_HOST)";
				DEVELOPMENT_TEAM = 59EXG399LT;
				INFOPLIST_FILE = iOSBaseDevProjectTests/Info.plist;
				LD_RUNPATH_SEARCH_PATHS = "$(inherited) @executable_path/Frameworks @loader_path/Frameworks";
				PRODUCT_BUNDLE_IDENTIFIER = liang.kyle.iOSBaseDevProjectTests;
				PRODUCT_NAME = "$(TARGET_NAME)";
				TEST_HOST = "$(BUILT_PRODUCTS_DIR)/iOSBaseDevProject.app/iOSBaseDevProject";
			};
			name = Debug;
		};
		B57DE6831EDA615500705E38 /* Release */ = {
			isa = XCBuildConfiguration;
			baseConfigurationReference = 245AD9752623438D1BD94A1C /* Pods-iOSBaseDevProjectTests.release.xcconfig */;
			buildSettings = {
				BUNDLE_LOADER = "$(TEST_HOST)";
				DEVELOPMENT_TEAM = 59EXG399LT;
				INFOPLIST_FILE = iOSBaseDevProjectTests/Info.plist;
				LD_RUNPATH_SEARCH_PATHS = "$(inherited) @executable_path/Frameworks @loader_path/Frameworks";
				PRODUCT_BUNDLE_IDENTIFIER = liang.kyle.iOSBaseDevProjectTests;
				PRODUCT_NAME = "$(TARGET_NAME)";
				TEST_HOST = "$(BUILT_PRODUCTS_DIR)/iOSBaseDevProject.app/iOSBaseDevProject";
			};
			name = Release;
		};
		B57DE6851EDA615500705E38 /* Debug */ = {
			isa = XCBuildConfiguration;
			baseConfigurationReference = 8440A67ADE1CDF50C298FE0A /* Pods-iOSBaseDevProjectUITests.debug.xcconfig */;
			buildSettings = {
				DEVELOPMENT_TEAM = 59EXG399LT;
				INFOPLIST_FILE = iOSBaseDevProjectUITests/Info.plist;
				LD_RUNPATH_SEARCH_PATHS = "$(inherited) @executable_path/Frameworks @loader_path/Frameworks";
				PRODUCT_BUNDLE_IDENTIFIER = liang.kyle.iOSBaseDevProjectUITests;
				PRODUCT_NAME = "$(TARGET_NAME)";
				TEST_TARGET_NAME = iOSBaseDevProject;
			};
			name = Debug;
		};
		B57DE6861EDA615500705E38 /* Release */ = {
			isa = XCBuildConfiguration;
			baseConfigurationReference = BFF854E43775D97922CBD534 /* Pods-iOSBaseDevProjectUITests.release.xcconfig */;
			buildSettings = {
				DEVELOPMENT_TEAM = 59EXG399LT;
				INFOPLIST_FILE = iOSBaseDevProjectUITests/Info.plist;
				LD_RUNPATH_SEARCH_PATHS = "$(inherited) @executable_path/Frameworks @loader_path/Frameworks";
				PRODUCT_BUNDLE_IDENTIFIER = liang.kyle.iOSBaseDevProjectUITests;
				PRODUCT_NAME = "$(TARGET_NAME)";
				TEST_TARGET_NAME = iOSBaseDevProject;
			};
			name = Release;
		};
/* End XCBuildConfiguration section */

/* Begin XCConfigurationList section */
		B57DE64C1EDA615500705E38 /* Build configuration list for PBXProject "iOSBaseDevProject" */ = {
			isa = XCConfigurationList;
			buildConfigurations = (
				B57DE67C1EDA615500705E38 /* Debug */,
				B57DE67D1EDA615500705E38 /* Release */,
			);
			defaultConfigurationIsVisible = 0;
			defaultConfigurationName = Release;
		};
		B57DE67E1EDA615500705E38 /* Build configuration list for PBXNativeTarget "iOSBaseDevProject" */ = {
			isa = XCConfigurationList;
			buildConfigurations = (
				B57DE67F1EDA615500705E38 /* Debug */,
				B57DE6801EDA615500705E38 /* Release */,
			);
			defaultConfigurationIsVisible = 0;
			defaultConfigurationName = Release;
		};
		B57DE6811EDA615500705E38 /* Build configuration list for PBXNativeTarget "iOSBaseDevProjectTests" */ = {
			isa = XCConfigurationList;
			buildConfigurations = (
				B57DE6821EDA615500705E38 /* Debug */,
				B57DE6831EDA615500705E38 /* Release */,
			);
			defaultConfigurationIsVisible = 0;
			defaultConfigurationName = Release;
		};
		B57DE6841EDA615500705E38 /* Build configuration list for PBXNativeTarget "iOSBaseDevProjectUITests" */ = {
			isa = XCConfigurationList;
			buildConfigurations = (
				B57DE6851EDA615500705E38 /* Debug */,
				B57DE6861EDA615500705E38 /* Release */,
			);
			defaultConfigurationIsVisible = 0;
			defaultConfigurationName = Release;
		};
/* End XCConfigurationList section */
	};
	rootObject = B57DE6491EDA615500705E38 /* Project object */;
}
